// !$*UTF8*$!
{
	archiveVersion = 1;
	classes = {
	};
	objectVersion = 56;
	objects = {

/* Begin PBXBuildFile section */
		AA1AA31A2A18398000C563D7 /* URLExtensions.swift in Sources */ = {isa = PBXBuildFile; fileRef = AA1AA3192A18398000C563D7 /* URLExtensions.swift */; };
		AA2020A22A3D22B7009EF171 /* ExportController.swift in Sources */ = {isa = PBXBuildFile; fileRef = AA2020A12A3D22B7009EF171 /* ExportController.swift */; };
		AA7711922A0123FB00CAE059 /* AppDelegate.swift in Sources */ = {isa = PBXBuildFile; fileRef = AA7711912A0123FB00CAE059 /* AppDelegate.swift */; };
		AA7711942A0123FB00CAE059 /* ViewController.swift in Sources */ = {isa = PBXBuildFile; fileRef = AA7711932A0123FB00CAE059 /* ViewController.swift */; };
		AA7711962A0123FB00CAE059 /* Assets.xcassets in Resources */ = {isa = PBXBuildFile; fileRef = AA7711952A0123FB00CAE059 /* Assets.xcassets */; };
		AA7711992A0123FB00CAE059 /* Main.storyboard in Resources */ = {isa = PBXBuildFile; fileRef = AA7711972A0123FB00CAE059 /* Main.storyboard */; };
		AA7711A22A01256700CAE059 /* Contents.swift in Sources */ = {isa = PBXBuildFile; fileRef = AA7711A12A01256700CAE059 /* Contents.swift */; };
		AA7711A42A01259400CAE059 /* Journey.swift in Sources */ = {isa = PBXBuildFile; fileRef = AA7711A32A01259400CAE059 /* Journey.swift */; };
		AA7711A62A0125D100CAE059 /* Video.swift in Sources */ = {isa = PBXBuildFile; fileRef = AA7711A52A0125D100CAE059 /* Video.swift */; };
		AA7711A82A01533900CAE059 /* JourneysViewController.swift in Sources */ = {isa = PBXBuildFile; fileRef = AA7711A72A01533900CAE059 /* JourneysViewController.swift */; };
		AA7711AA2A015C8F00CAE059 /* JourneyTableCellView.swift in Sources */ = {isa = PBXBuildFile; fileRef = AA7711A92A015C8F00CAE059 /* JourneyTableCellView.swift */; };
		AA7711AC2A0163CD00CAE059 /* TimeIntervalExtensions.swift in Sources */ = {isa = PBXBuildFile; fileRef = AA7711AB2A0163CD00CAE059 /* TimeIntervalExtensions.swift */; };
		AA79448E2A029EA3006ABECC /* VideoView.swift in Sources */ = {isa = PBXBuildFile; fileRef = AA79448D2A029EA3006ABECC /* VideoView.swift */; };
		AA7944902A029FF6006ABECC /* CGExtensions.swift in Sources */ = {isa = PBXBuildFile; fileRef = AA79448F2A029FF6006ABECC /* CGExtensions.swift */; };
		AA7944922A02A5B2006ABECC /* NotificationExtensions.swift in Sources */ = {isa = PBXBuildFile; fileRef = AA7944912A02A5B2006ABECC /* NotificationExtensions.swift */; };
		AA7944942A02A785006ABECC /* VideoViewController.swift in Sources */ = {isa = PBXBuildFile; fileRef = AA7944932A02A785006ABECC /* VideoViewController.swift */; };
		AA9D6BFB2A03CA9F00A89407 /* UserDefaultsExtensions.swift in Sources */ = {isa = PBXBuildFile; fileRef = AA9D6BFA2A03CA9F00A89407 /* UserDefaultsExtensions.swift */; };
		AAF17CCF2A03248200F44ABE /* AVAssetExportSessionEx.swift in Sources */ = {isa = PBXBuildFile; fileRef = AAF17CCE2A03248200F44ABE /* AVAssetExportSessionEx.swift */; };
/* End PBXBuildFile section */

/* Begin PBXFileReference section */
		AA1AA3192A18398000C563D7 /* URLExtensions.swift */ = {isa = PBXFileReference; lastKnownFileType = sourcecode.swift; path = URLExtensions.swift; sourceTree = "<group>"; };
		AA2020A12A3D22B7009EF171 /* ExportController.swift */ = {isa = PBXFileReference; lastKnownFileType = sourcecode.swift; path = ExportController.swift; sourceTree = "<group>"; };
		AA77118E2A0123FB00CAE059 /* Dashcam Wrangler.app */ = {isa = PBXFileReference; explicitFileType = wrapper.application; includeInIndex = 0; path = "Dashcam Wrangler.app"; sourceTree = BUILT_PRODUCTS_DIR; };
		AA7711912A0123FB00CAE059 /* AppDelegate.swift */ = {isa = PBXFileReference; lastKnownFileType = sourcecode.swift; path = AppDelegate.swift; sourceTree = "<group>"; };
		AA7711932A0123FB00CAE059 /* ViewController.swift */ = {isa = PBXFileReference; lastKnownFileType = sourcecode.swift; path = ViewController.swift; sourceTree = "<group>"; };
		AA7711952A0123FB00CAE059 /* Assets.xcassets */ = {isa = PBXFileReference; lastKnownFileType = folder.assetcatalog; path = Assets.xcassets; sourceTree = "<group>"; };
		AA7711982A0123FB00CAE059 /* Base */ = {isa = PBXFileReference; lastKnownFileType = file.storyboard; name = Base; path = Base.lproj/Main.storyboard; sourceTree = "<group>"; };
		AA77119A2A0123FB00CAE059 /* DashcamWrangler.entitlements */ = {isa = PBXFileReference; lastKnownFileType = text.plist.entitlements; path = DashcamWrangler.entitlements; sourceTree = "<group>"; };
		AA7711A12A01256700CAE059 /* Contents.swift */ = {isa = PBXFileReference; lastKnownFileType = sourcecode.swift; path = Contents.swift; sourceTree = "<group>"; };
		AA7711A32A01259400CAE059 /* Journey.swift */ = {isa = PBXFileReference; lastKnownFileType = sourcecode.swift; path = Journey.swift; sourceTree = "<group>"; };
		AA7711A52A0125D100CAE059 /* Video.swift */ = {isa = PBXFileReference; lastKnownFileType = sourcecode.swift; path = Video.swift; sourceTree = "<group>"; };
		AA7711A72A01533900CAE059 /* JourneysViewController.swift */ = {isa = PBXFileReference; lastKnownFileType = sourcecode.swift; path = JourneysViewController.swift; sourceTree = "<group>"; };
		AA7711A92A015C8F00CAE059 /* JourneyTableCellView.swift */ = {isa = PBXFileReference; lastKnownFileType = sourcecode.swift; path = JourneyTableCellView.swift; sourceTree = "<group>"; };
		AA7711AB2A0163CD00CAE059 /* TimeIntervalExtensions.swift */ = {isa = PBXFileReference; lastKnownFileType = sourcecode.swift; path = TimeIntervalExtensions.swift; sourceTree = "<group>"; };
		AA79448D2A029EA3006ABECC /* VideoView.swift */ = {isa = PBXFileReference; lastKnownFileType = sourcecode.swift; path = VideoView.swift; sourceTree = "<group>"; };
		AA79448F2A029FF6006ABECC /* CGExtensions.swift */ = {isa = PBXFileReference; lastKnownFileType = sourcecode.swift; path = CGExtensions.swift; sourceTree = "<group>"; };
		AA7944912A02A5B2006ABECC /* NotificationExtensions.swift */ = {isa = PBXFileReference; lastKnownFileType = sourcecode.swift; path = NotificationExtensions.swift; sourceTree = "<group>"; };
		AA7944932A02A785006ABECC /* VideoViewController.swift */ = {isa = PBXFileReference; lastKnownFileType = sourcecode.swift; path = VideoViewController.swift; sourceTree = "<group>"; };
		AA9D6BFA2A03CA9F00A89407 /* UserDefaultsExtensions.swift */ = {isa = PBXFileReference; lastKnownFileType = sourcecode.swift; path = UserDefaultsExtensions.swift; sourceTree = "<group>"; };
		AAF17CCE2A03248200F44ABE /* AVAssetExportSessionEx.swift */ = {isa = PBXFileReference; lastKnownFileType = sourcecode.swift; path = AVAssetExportSessionEx.swift; sourceTree = "<group>"; };
/* End PBXFileReference section */

/* Begin PBXFrameworksBuildPhase section */
		AA77118B2A0123FB00CAE059 /* Frameworks */ = {
			isa = PBXFrameworksBuildPhase;
			buildActionMask = 2147483647;
			files = (
			);
			runOnlyForDeploymentPostprocessing = 0;
		};
/* End PBXFrameworksBuildPhase section */

/* Begin PBXGroup section */
		AA7711852A0123FB00CAE059 = {
			isa = PBXGroup;
			children = (
				AA7711902A0123FB00CAE059 /* DashcamWrangler */,
				AA77118F2A0123FB00CAE059 /* Products */,
			);
			sourceTree = "<group>";
		};
		AA77118F2A0123FB00CAE059 /* Products */ = {
			isa = PBXGroup;
			children = (
				AA77118E2A0123FB00CAE059 /* Dashcam Wrangler.app */,
			);
			name = Products;
			sourceTree = "<group>";
		};
		AA7711902A0123FB00CAE059 /* DashcamWrangler */ = {
			isa = PBXGroup;
			children = (
				AA7711AF2A0172F500CAE059 /* Extensions */,
				AA7711A02A01255300CAE059 /* Model */,
				AA7711AD2A0172B700CAE059 /* UI Controllers */,
				AA7711AE2A0172D900CAE059 /* Views */,
				AA7711912A0123FB00CAE059 /* AppDelegate.swift */,
				AA7711952A0123FB00CAE059 /* Assets.xcassets */,
				AA7711972A0123FB00CAE059 /* Main.storyboard */,
				AA77119A2A0123FB00CAE059 /* DashcamWrangler.entitlements */,
			);
			path = DashcamWrangler;
			sourceTree = "<group>";
		};
		AA7711A02A01255300CAE059 /* Model */ = {
			isa = PBXGroup;
			children = (
				AA7711A12A01256700CAE059 /* Contents.swift */,
				AA7711A32A01259400CAE059 /* Journey.swift */,
				AAF17CCE2A03248200F44ABE /* AVAssetExportSessionEx.swift */,
				AA7711A52A0125D100CAE059 /* Video.swift */,
				AA2020A12A3D22B7009EF171 /* ExportController.swift */,
			);
			path = Model;
			sourceTree = "<group>";
		};
		AA7711AD2A0172B700CAE059 /* UI Controllers */ = {
			isa = PBXGroup;
			children = (
				AA7711932A0123FB00CAE059 /* ViewController.swift */,
				AA7711A72A01533900CAE059 /* JourneysViewController.swift */,
				AA7944932A02A785006ABECC /* VideoViewController.swift */,
			);
			path = "UI Controllers";
			sourceTree = "<group>";
		};
		AA7711AE2A0172D900CAE059 /* Views */ = {
			isa = PBXGroup;
			children = (
				AA7711A92A015C8F00CAE059 /* JourneyTableCellView.swift */,
				AA79448D2A029EA3006ABECC /* VideoView.swift */,
			);
			path = Views;
			sourceTree = "<group>";
		};
		AA7711AF2A0172F500CAE059 /* Extensions */ = {
			isa = PBXGroup;
			children = (
				AA7711AB2A0163CD00CAE059 /* TimeIntervalExtensions.swift */,
				AA79448F2A029FF6006ABECC /* CGExtensions.swift */,
				AA7944912A02A5B2006ABECC /* NotificationExtensions.swift */,
				AA9D6BFA2A03CA9F00A89407 /* UserDefaultsExtensions.swift */,
				AA1AA3192A18398000C563D7 /* URLExtensions.swift */,
			);
			path = Extensions;
			sourceTree = "<group>";
		};
/* End PBXGroup section */

/* Begin PBXNativeTarget section */
		AA77118D2A0123FB00CAE059 /* Dashcam Wrangler */ = {
			isa = PBXNativeTarget;
			buildConfigurationList = AA77119D2A0123FB00CAE059 /* Build configuration list for PBXNativeTarget "Dashcam Wrangler" */;
			buildPhases = (
				AA77118A2A0123FB00CAE059 /* Sources */,
				AA77118B2A0123FB00CAE059 /* Frameworks */,
				AA77118C2A0123FB00CAE059 /* Resources */,
			);
			buildRules = (
			);
			dependencies = (
			);
			name = "Dashcam Wrangler";
			productName = DashcamWrangler;
			productReference = AA77118E2A0123FB00CAE059 /* Dashcam Wrangler.app */;
			productType = "com.apple.product-type.application";
		};
/* End PBXNativeTarget section */

/* Begin PBXProject section */
		AA7711862A0123FB00CAE059 /* Project object */ = {
			isa = PBXProject;
			attributes = {
				BuildIndependentTargetsInParallel = 1;
				LastSwiftUpdateCheck = 1430;
				LastUpgradeCheck = 1430;
				TargetAttributes = {
					AA77118D2A0123FB00CAE059 = {
						CreatedOnToolsVersion = 14.3;
					};
				};
			};
			buildConfigurationList = AA7711892A0123FB00CAE059 /* Build configuration list for PBXProject "Dashcam Wrangler" */;
			compatibilityVersion = "Xcode 14.0";
			developmentRegion = en;
			hasScannedForEncodings = 0;
			knownRegions = (
				en,
				Base,
			);
			mainGroup = AA7711852A0123FB00CAE059;
			productRefGroup = AA77118F2A0123FB00CAE059 /* Products */;
			projectDirPath = "";
			projectRoot = "";
			targets = (
				AA77118D2A0123FB00CAE059 /* Dashcam Wrangler */,
			);
		};
/* End PBXProject section */

/* Begin PBXResourcesBuildPhase section */
		AA77118C2A0123FB00CAE059 /* Resources */ = {
			isa = PBXResourcesBuildPhase;
			buildActionMask = 2147483647;
			files = (
				AA7711962A0123FB00CAE059 /* Assets.xcassets in Resources */,
				AA7711992A0123FB00CAE059 /* Main.storyboard in Resources */,
			);
			runOnlyForDeploymentPostprocessing = 0;
		};
/* End PBXResourcesBuildPhase section */

/* Begin PBXSourcesBuildPhase section */
		AA77118A2A0123FB00CAE059 /* Sources */ = {
			isa = PBXSourcesBuildPhase;
			buildActionMask = 2147483647;
			files = (
				AA7711A42A01259400CAE059 /* Journey.swift in Sources */,
				AA7711AA2A015C8F00CAE059 /* JourneyTableCellView.swift in Sources */,
				AA7944942A02A785006ABECC /* VideoViewController.swift in Sources */,
				AA7711942A0123FB00CAE059 /* ViewController.swift in Sources */,
				AA7711AC2A0163CD00CAE059 /* TimeIntervalExtensions.swift in Sources */,
				AA7711A22A01256700CAE059 /* Contents.swift in Sources */,
				AA7711A82A01533900CAE059 /* JourneysViewController.swift in Sources */,
				AA2020A22A3D22B7009EF171 /* ExportController.swift in Sources */,
				AA1AA31A2A18398000C563D7 /* URLExtensions.swift in Sources */,
				AA79448E2A029EA3006ABECC /* VideoView.swift in Sources */,
				AA7944922A02A5B2006ABECC /* NotificationExtensions.swift in Sources */,
				AA7711922A0123FB00CAE059 /* AppDelegate.swift in Sources */,
				AAF17CCF2A03248200F44ABE /* AVAssetExportSessionEx.swift in Sources */,
				AA7711A62A0125D100CAE059 /* Video.swift in Sources */,
				AA9D6BFB2A03CA9F00A89407 /* UserDefaultsExtensions.swift in Sources */,
				AA7944902A029FF6006ABECC /* CGExtensions.swift in Sources */,
			);
			runOnlyForDeploymentPostprocessing = 0;
		};
/* End PBXSourcesBuildPhase section */

/* Begin PBXVariantGroup section */
		AA7711972A0123FB00CAE059 /* Main.storyboard */ = {
			isa = PBXVariantGroup;
			children = (
				AA7711982A0123FB00CAE059 /* Base */,
			);
			name = Main.storyboard;
			sourceTree = "<group>";
		};
/* End PBXVariantGroup section */

/* Begin XCBuildConfiguration section */
		AA77119B2A0123FB00CAE059 /* Debug */ = {
			isa = XCBuildConfiguration;
			buildSettings = {
				ALWAYS_SEARCH_USER_PATHS = NO;
				CLANG_ANALYZER_NONNULL = YES;
				CLANG_ANALYZER_NUMBER_OBJECT_CONVERSION = YES_AGGRESSIVE;
				CLANG_CXX_LANGUAGE_STANDARD = "gnu++20";
				CLANG_ENABLE_MODULES = YES;
				CLANG_ENABLE_OBJC_ARC = YES;
				CLANG_ENABLE_OBJC_WEAK = YES;
				CLANG_WARN_BLOCK_CAPTURE_AUTORELEASING = YES;
				CLANG_WARN_BOOL_CONVERSION = YES;
				CLANG_WARN_COMMA = YES;
				CLANG_WARN_CONSTANT_CONVERSION = YES;
				CLANG_WARN_DEPRECATED_OBJC_IMPLEMENTATIONS = YES;
				CLANG_WARN_DIRECT_OBJC_ISA_USAGE = YES_ERROR;
				CLANG_WARN_DOCUMENTATION_COMMENTS = YES;
				CLANG_WARN_EMPTY_BODY = YES;
				CLANG_WARN_ENUM_CONVERSION = YES;
				CLANG_WARN_INFINITE_RECURSION = YES;
				CLANG_WARN_INT_CONVERSION = YES;
				CLANG_WARN_NON_LITERAL_NULL_CONVERSION = YES;
				CLANG_WARN_OBJC_IMPLICIT_RETAIN_SELF = YES;
				CLANG_WARN_OBJC_LITERAL_CONVERSION = YES;
				CLANG_WARN_OBJC_ROOT_CLASS = YES_ERROR;
				CLANG_WARN_QUOTED_INCLUDE_IN_FRAMEWORK_HEADER = YES;
				CLANG_WARN_RANGE_LOOP_ANALYSIS = YES;
				CLANG_WARN_STRICT_PROTOTYPES = YES;
				CLANG_WARN_SUSPICIOUS_MOVE = YES;
				CLANG_WARN_UNGUARDED_AVAILABILITY = YES_AGGRESSIVE;
				CLANG_WARN_UNREACHABLE_CODE = YES;
				CLANG_WARN__DUPLICATE_METHOD_MATCH = YES;
				COPY_PHASE_STRIP = NO;
				DEBUG_INFORMATION_FORMAT = dwarf;
				ENABLE_STRICT_OBJC_MSGSEND = YES;
				ENABLE_TESTABILITY = YES;
				GCC_C_LANGUAGE_STANDARD = gnu11;
				GCC_DYNAMIC_NO_PIC = NO;
				GCC_NO_COMMON_BLOCKS = YES;
				GCC_OPTIMIZATION_LEVEL = 0;
				GCC_PREPROCESSOR_DEFINITIONS = (
					"DEBUG=1",
					"$(inherited)",
				);
				GCC_WARN_64_TO_32_BIT_CONVERSION = YES;
				GCC_WARN_ABOUT_RETURN_TYPE = YES_ERROR;
				GCC_WARN_UNDECLARED_SELECTOR = YES;
				GCC_WARN_UNINITIALIZED_AUTOS = YES_AGGRESSIVE;
				GCC_WARN_UNUSED_FUNCTION = YES;
				GCC_WARN_UNUSED_VARIABLE = YES;
				INFOPLIST_KEY_CFBundleDisplayName = "";
				MACOSX_DEPLOYMENT_TARGET = 13.3;
				MTL_ENABLE_DEBUG_INFO = INCLUDE_SOURCE;
				MTL_FAST_MATH = YES;
				ONLY_ACTIVE_ARCH = YES;
				SDKROOT = macosx;
				SWIFT_ACTIVE_COMPILATION_CONDITIONS = DEBUG;
				SWIFT_OPTIMIZATION_LEVEL = "-Onone";
			};
			name = Debug;
		};
		AA77119C2A0123FB00CAE059 /* Release */ = {
			isa = XCBuildConfiguration;
			buildSettings = {
				ALWAYS_SEARCH_USER_PATHS = NO;
				CLANG_ANALYZER_NONNULL = YES;
				CLANG_ANALYZER_NUMBER_OBJECT_CONVERSION = YES_AGGRESSIVE;
				CLANG_CXX_LANGUAGE_STANDARD = "gnu++20";
				CLANG_ENABLE_MODULES = YES;
				CLANG_ENABLE_OBJC_ARC = YES;
				CLANG_ENABLE_OBJC_WEAK = YES;
				CLANG_WARN_BLOCK_CAPTURE_AUTORELEASING = YES;
				CLANG_WARN_BOOL_CONVERSION = YES;
				CLANG_WARN_COMMA = YES;
				CLANG_WARN_CONSTANT_CONVERSION = YES;
				CLANG_WARN_DEPRECATED_OBJC_IMPLEMENTATIONS = YES;
				CLANG_WARN_DIRECT_OBJC_ISA_USAGE = YES_ERROR;
				CLANG_WARN_DOCUMENTATION_COMMENTS = YES;
				CLANG_WARN_EMPTY_BODY = YES;
				CLANG_WARN_ENUM_CONVERSION = YES;
				CLANG_WARN_INFINITE_RECURSION = YES;
				CLANG_WARN_INT_CONVERSION = YES;
				CLANG_WARN_NON_LITERAL_NULL_CONVERSION = YES;
				CLANG_WARN_OBJC_IMPLICIT_RETAIN_SELF = YES;
				CLANG_WARN_OBJC_LITERAL_CONVERSION = YES;
				CLANG_WARN_OBJC_ROOT_CLASS = YES_ERROR;
				CLANG_WARN_QUOTED_INCLUDE_IN_FRAMEWORK_HEADER = YES;
				CLANG_WARN_RANGE_LOOP_ANALYSIS = YES;
				CLANG_WARN_STRICT_PROTOTYPES = YES;
				CLANG_WARN_SUSPICIOUS_MOVE = YES;
				CLANG_WARN_UNGUARDED_AVAILABILITY = YES_AGGRESSIVE;
				CLANG_WARN_UNREACHABLE_CODE = YES;
				CLANG_WARN__DUPLICATE_METHOD_MATCH = YES;
				COPY_PHASE_STRIP = NO;
				DEBUG_INFORMATION_FORMAT = "dwarf-with-dsym";
				ENABLE_NS_ASSERTIONS = NO;
				ENABLE_STRICT_OBJC_MSGSEND = YES;
				GCC_C_LANGUAGE_STANDARD = gnu11;
				GCC_NO_COMMON_BLOCKS = YES;
				GCC_WARN_64_TO_32_BIT_CONVERSION = YES;
				GCC_WARN_ABOUT_RETURN_TYPE = YES_ERROR;
				GCC_WARN_UNDECLARED_SELECTOR = YES;
				GCC_WARN_UNINITIALIZED_AUTOS = YES_AGGRESSIVE;
				GCC_WARN_UNUSED_FUNCTION = YES;
				GCC_WARN_UNUSED_VARIABLE = YES;
				INFOPLIST_KEY_CFBundleDisplayName = "";
				MACOSX_DEPLOYMENT_TARGET = 13.3;
				MTL_ENABLE_DEBUG_INFO = NO;
				MTL_FAST_MATH = YES;
				SDKROOT = macosx;
				SWIFT_COMPILATION_MODE = wholemodule;
				SWIFT_OPTIMIZATION_LEVEL = "-O";
			};
			name = Release;
		};
		AA77119E2A0123FB00CAE059 /* Debug */ = {
			isa = XCBuildConfiguration;
			buildSettings = {
				ASSETCATALOG_COMPILER_APPICON_NAME = AppIcon;
				ASSETCATALOG_COMPILER_GLOBAL_ACCENT_COLOR_NAME = AccentColor;
				CODE_SIGN_ENTITLEMENTS = DashcamWrangler/DashcamWrangler.entitlements;
				CODE_SIGN_STYLE = Automatic;
				COMBINE_HIDPI_IMAGES = YES;
				CURRENT_PROJECT_VERSION = 6;
				DEVELOPMENT_TEAM = 3R8CQY2XDV;
				ENABLE_HARDENED_RUNTIME = YES;
				GENERATE_INFOPLIST_FILE = YES;
				INFOPLIST_KEY_CFBundleDisplayName = "";
				INFOPLIST_KEY_NSHumanReadableCopyright = "";
				INFOPLIST_KEY_NSMainStoryboardFile = Main;
				INFOPLIST_KEY_NSPrincipalClass = NSApplication;
				LD_RUNPATH_SEARCH_PATHS = (
					"$(inherited)",
					"@executable_path/../Frameworks",
				);
				MARKETING_VERSION = 1.4;
				PRODUCT_BUNDLE_IDENTIFIER = com.colinwilson.DashcamWrangler;
				PRODUCT_NAME = "$(TARGET_NAME)";
				SWIFT_EMIT_LOC_STRINGS = YES;
				SWIFT_VERSION = 5.0;
			};
			name = Debug;
		};
		AA77119F2A0123FB00CAE059 /* Release */ = {
			isa = XCBuildConfiguration;
			buildSettings = {
				ASSETCATALOG_COMPILER_APPICON_NAME = AppIcon;
				ASSETCATALOG_COMPILER_GLOBAL_ACCENT_COLOR_NAME = AccentColor;
				CODE_SIGN_ENTITLEMENTS = DashcamWrangler/DashcamWrangler.entitlements;
				CODE_SIGN_STYLE = Automatic;
				COMBINE_HIDPI_IMAGES = YES;
				CURRENT_PROJECT_VERSION = 6;
				DEVELOPMENT_TEAM = 3R8CQY2XDV;
				ENABLE_HARDENED_RUNTIME = YES;
				GENERATE_INFOPLIST_FILE = YES;
				INFOPLIST_KEY_CFBundleDisplayName = "";
				INFOPLIST_KEY_NSHumanReadableCopyright = "";
				INFOPLIST_KEY_NSMainStoryboardFile = Main;
				INFOPLIST_KEY_NSPrincipalClass = NSApplication;
				LD_RUNPATH_SEARCH_PATHS = (
					"$(inherited)",
					"@executable_path/../Frameworks",
				);
				MARKETING_VERSION = 1.4;
				PRODUCT_BUNDLE_IDENTIFIER = com.colinwilson.DashcamWrangler;
				PRODUCT_NAME = "$(TARGET_NAME)";
				SWIFT_EMIT_LOC_STRINGS = YES;
				SWIFT_VERSION = 5.0;
			};
			name = Release;
		};
/* End XCBuildConfiguration section */

/* Begin XCConfigurationList section */
		AA7711892A0123FB00CAE059 /* Build configuration list for PBXProject "Dashcam Wrangler" */ = {
			isa = XCConfigurationList;
			buildConfigurations = (
				AA77119B2A0123FB00CAE059 /* Debug */,
				AA77119C2A0123FB00CAE059 /* Release */,
			);
			defaultConfigurationIsVisible = 0;
			defaultConfigurationName = Release;
		};
		AA77119D2A0123FB00CAE059 /* Build configuration list for PBXNativeTarget "Dashcam Wrangler" */ = {
			isa = XCConfigurationList;
			buildConfigurations = (
				AA77119E2A0123FB00CAE059 /* Debug */,
				AA77119F2A0123FB00CAE059 /* Release */,
			);
			defaultConfigurationIsVisible = 0;
			defaultConfigurationName = Release;
		};
/* End XCConfigurationList section */
	};
	rootObject = AA7711862A0123FB00CAE059 /* Project object */;
}
